
Microsoft Visual Studio Solution File, Format Version 12.00
# Visual Studio 15
VisualStudioVersion = 15.0.28307.572
MinimumVisualStudioVersion = 10.0.40219.1
Project("{FAE04EC0-301F-11D3-BF4B-00C04F79EFBC}") = "CC_Test", "CC_Test\CC_Test.csproj", "{B572DC1F-6602-4FE1-9A92-64D2D5C26695}"
EndProject
Global
	GlobalSection(SolutionConfigurationPlatforms) = preSolution
		Debug|Any CPU = Debug|Any CPU
		Release|Any CPU = Release|Any CPU
	EndGlobalSection
	GlobalSection(ProjectConfigurationPlatforms) = postSolution
		{B572DC1F-6602-4FE1-9A92-64D2D5C26695}.Debug|Any CPU.ActiveCfg = Debug|Any CPU
		{B572DC1F-6602-4FE1-9A92-64D2D5C26695}.Debug|Any CPU.Build.0 = Debug|Any CPU
		{B572DC1F-6602-4FE1-9A92-64D2D5C26695}.Release|Any CPU.ActiveCfg = Release|Any CPU
		{B572DC1F-6602-4FE1-9A92-64D2D5C26695}.Release|Any CPU.Build.0 = Release|Any CPU
	EndGlobalSection
	GlobalSection(SolutionProperties) = preSolution
		HideSolutionNode = FALSE
	EndGlobalSection
	GlobalSection(ExtensibilityGlobals) = postSolution
		SolutionGuid = {DF163462-C5A4-4A6B-9913-692DBBC4D77B}
	EndGlobalSection
EndGlobal
